// !$*UTF8*$!
{
	archiveVersion = 1;
	classes = {
	};
	objectVersion = 46;
	objects = {

/* Begin PBXBuildFile section */
		5AD04F6F14A962C100FD8073 /* UIKit.framework in Frameworks */ = {isa = PBXBuildFile; fileRef = 5AD04F6E14A962C100FD8073 /* UIKit.framework */; };
		5AD04F7114A962C100FD8073 /* Foundation.framework in Frameworks */ = {isa = PBXBuildFile; fileRef = 5AD04F7014A962C100FD8073 /* Foundation.framework */; };
		5AD04F7314A962C100FD8073 /* CoreGraphics.framework in Frameworks */ = {isa = PBXBuildFile; fileRef = 5AD04F7214A962C100FD8073 /* CoreGraphics.framework */; };
		5AD04F7914A962C100FD8073 /* InfoPlist.strings in Resources */ = {isa = PBXBuildFile; fileRef = 5AD04F7714A962C100FD8073 /* InfoPlist.strings */; };
		5AD04F7B14A962C100FD8073 /* main.m in Sources */ = {isa = PBXBuildFile; fileRef = 5AD04F7A14A962C100FD8073 /* main.m */; };
		5AD04F7F14A962C100FD8073 /* AppDelegate.m in Sources */ = {isa = PBXBuildFile; fileRef = 5AD04F7E14A962C100FD8073 /* AppDelegate.m */; };
		5AD04F9B14A9637200FD8073 /* Icon-72.png in Resources */ = {isa = PBXBuildFile; fileRef = 5AD04F9414A9637200FD8073 /* Icon-72.png */; };
		5AD04F9C14A9637200FD8073 /* Icon.png in Resources */ = {isa = PBXBuildFile; fileRef = 5AD04F9514A9637200FD8073 /* Icon.png */; };
		5AD04F9D14A9637200FD8073 /* Icon@2x.png in Resources */ = {isa = PBXBuildFile; fileRef = 5AD04F9614A9637200FD8073 /* Icon@2x.png */; };
		5AD04F9E14A9637200FD8073 /* iTunesArtwork.png in Resources */ = {isa = PBXBuildFile; fileRef = 5AD04F9714A9637200FD8073 /* iTunesArtwork.png */; };
		5AD04F9F14A9637200FD8073 /* pad_fenshi_selected.png in Resources */ = {isa = PBXBuildFile; fileRef = 5AD04F9814A9637200FD8073 /* pad_fenshi_selected.png */; };
		5AD04FA014A9637200FD8073 /* pad_fenshi.png in Resources */ = {isa = PBXBuildFile; fileRef = 5AD04F9914A9637200FD8073 /* pad_fenshi.png */; };
		5AD04FA114A9637200FD8073 /* pad_kline_selected.png in Resources */ = {isa = PBXBuildFile; fileRef = 5AD04F9A14A9637200FD8073 /* pad_kline_selected.png */; };
		5AD04FA814A9638300FD8073 /* Chart.m in Sources */ = {isa = PBXBuildFile; fileRef = 5AD04FA314A9638300FD8073 /* Chart.m */; };
		5AD04FA914A9638300FD8073 /* Section.m in Sources */ = {isa = PBXBuildFile; fileRef = 5AD04FA514A9638300FD8073 /* Section.m */; };
		5AD04FAA14A9638300FD8073 /* YAxis.m in Sources */ = {isa = PBXBuildFile; fileRef = 5AD04FA714A9638300FD8073 /* YAxis.m */; };
		5AD04FC514A9639000FD8073 /* NSObject+SBJson.m in Sources */ = {isa = PBXBuildFile; fileRef = 5AD04FAD14A9639000FD8073 /* NSObject+SBJson.m */; };
		5AD04FC614A9639000FD8073 /* SBJsonParser.m in Sources */ = {isa = PBXBuildFile; fileRef = 5AD04FB014A9639000FD8073 /* SBJsonParser.m */; };
		5AD04FC714A9639000FD8073 /* SBJsonStreamParser.m in Sources */ = {isa = PBXBuildFile; fileRef = 5AD04FB214A9639000FD8073 /* SBJsonStreamParser.m */; };
		5AD04FC814A9639000FD8073 /* SBJsonStreamParserAccumulator.m in Sources */ = {isa = PBXBuildFile; fileRef = 5AD04FB414A9639000FD8073 /* SBJsonStreamParserAccumulator.m */; };
		5AD04FC914A9639000FD8073 /* SBJsonStreamParserAdapter.m in Sources */ = {isa = PBXBuildFile; fileRef = 5AD04FB614A9639000FD8073 /* SBJsonStreamParserAdapter.m */; };
		5AD04FCA14A9639000FD8073 /* SBJsonStreamParserState.m in Sources */ = {isa = PBXBuildFile; fileRef = 5AD04FB814A9639000FD8073 /* SBJsonStreamParserState.m */; };
		5AD04FCB14A9639000FD8073 /* SBJsonStreamWriter.m in Sources */ = {isa = PBXBuildFile; fileRef = 5AD04FBA14A9639000FD8073 /* SBJsonStreamWriter.m */; };
		5AD04FCC14A9639000FD8073 /* SBJsonStreamWriterAccumulator.m in Sources */ = {isa = PBXBuildFile; fileRef = 5AD04FBC14A9639000FD8073 /* SBJsonStreamWriterAccumulator.m */; };
		5AD04FCD14A9639000FD8073 /* SBJsonStreamWriterState.m in Sources */ = {isa = PBXBuildFile; fileRef = 5AD04FBE14A9639000FD8073 /* SBJsonStreamWriterState.m */; };
		5AD04FCE14A9639000FD8073 /* SBJsonTokeniser.m in Sources */ = {isa = PBXBuildFile; fileRef = 5AD04FC014A9639000FD8073 /* SBJsonTokeniser.m */; };
		5AD04FCF14A9639000FD8073 /* SBJsonUTF8Stream.m in Sources */ = {isa = PBXBuildFile; fileRef = 5AD04FC214A9639000FD8073 /* SBJsonUTF8Stream.m */; };
		5AD04FD014A9639000FD8073 /* SBJsonWriter.m in Sources */ = {isa = PBXBuildFile; fileRef = 5AD04FC414A9639000FD8073 /* SBJsonWriter.m */; };
		5AD04FD314A963D900FD8073 /* ResourceHelper.m in Sources */ = {isa = PBXBuildFile; fileRef = 5AD04FD214A963D900FD8073 /* ResourceHelper.m */; };
		5AD04FDA14A963FC00FD8073 /* CandleChart.m in Sources */ = {isa = PBXBuildFile; fileRef = 5AD04FD514A963FC00FD8073 /* CandleChart.m */; };
		5AD04FDB14A963FC00FD8073 /* CharteeViewController.m in Sources */ = {isa = PBXBuildFile; fileRef = 5AD04FD714A963FC00FD8073 /* CharteeViewController.m */; };
		5AD04FDC14A963FC00FD8073 /* demo_data.json in Resources */ = {isa = PBXBuildFile; fileRef = 5AD04FD814A963FC00FD8073 /* demo_data.json */; };
		5AD04FDD14A963FC00FD8073 /* indicators.json in Resources */ = {isa = PBXBuildFile; fileRef = 5AD04FD914A963FC00FD8073 /* indicators.json */; };
/* End PBXBuildFile section */

/* Begin PBXFileReference section */
		5AD04F6A14A962C100FD8073 /* chartee.app */ = {isa = PBXFileReference; explicitFileType = wrapper.application; includeInIndex = 0; path = chartee.app; sourceTree = BUILT_PRODUCTS_DIR; };
		5AD04F6E14A962C100FD8073 /* UIKit.framework */ = {isa = PBXFileReference; lastKnownFileType = wrapper.framework; name = UIKit.framework; path = System/Library/Frameworks/UIKit.framework; sourceTree = SDKROOT; };
		5AD04F7014A962C100FD8073 /* Foundation.framework */ = {isa = PBXFileReference; lastKnownFileType = wrapper.framework; name = Foundation.framework; path = System/Library/Frameworks/Foundation.framework; sourceTree = SDKROOT; };
		5AD04F7214A962C100FD8073 /* CoreGraphics.framework */ = {isa = PBXFileReference; lastKnownFileType = wrapper.framework; name = CoreGraphics.framework; path = System/Library/Frameworks/CoreGraphics.framework; sourceTree = SDKROOT; };
		5AD04F7614A962C100FD8073 /* chartee-Info.plist */ = {isa = PBXFileReference; lastKnownFileType = text.plist.xml; path = "chartee-Info.plist"; sourceTree = "<group>"; };
		5AD04F7814A962C100FD8073 /* en */ = {isa = PBXFileReference; lastKnownFileType = text.plist.strings; name = en; path = en.lproj/InfoPlist.strings; sourceTree = "<group>"; };
		5AD04F7A14A962C100FD8073 /* main.m */ = {isa = PBXFileReference; lastKnownFileType = sourcecode.c.objc; path = main.m; sourceTree = "<group>"; };
		5AD04F7C14A962C100FD8073 /* chartee-Prefix.pch */ = {isa = PBXFileReference; lastKnownFileType = sourcecode.c.h; path = "chartee-Prefix.pch"; sourceTree = "<group>"; };
		5AD04F7D14A962C100FD8073 /* AppDelegate.h */ = {isa = PBXFileReference; lastKnownFileType = sourcecode.c.h; path = AppDelegate.h; sourceTree = "<group>"; };
		5AD04F7E14A962C100FD8073 /* AppDelegate.m */ = {isa = PBXFileReference; lastKnownFileType = sourcecode.c.objc; path = AppDelegate.m; sourceTree = "<group>"; };
		5AD04F9414A9637200FD8073 /* Icon-72.png */ = {isa = PBXFileReference; lastKnownFileType = image.png; path = "Icon-72.png"; sourceTree = "<group>"; };
		5AD04F9514A9637200FD8073 /* Icon.png */ = {isa = PBXFileReference; lastKnownFileType = image.png; path = Icon.png; sourceTree = "<group>"; };
		5AD04F9614A9637200FD8073 /* Icon@2x.png */ = {isa = PBXFileReference; lastKnownFileType = image.png; path = "Icon@2x.png"; sourceTree = "<group>"; };
		5AD04F9714A9637200FD8073 /* iTunesArtwork.png */ = {isa = PBXFileReference; lastKnownFileType = image.png; path = iTunesArtwork.png; sourceTree = "<group>"; };
		5AD04F9814A9637200FD8073 /* pad_fenshi_selected.png */ = {isa = PBXFileReference; lastKnownFileType = image.png; path = pad_fenshi_selected.png; sourceTree = "<group>"; };
		5AD04F9914A9637200FD8073 /* pad_fenshi.png */ = {isa = PBXFileReference; lastKnownFileType = image.png; path = pad_fenshi.png; sourceTree = "<group>"; };
		5AD04F9A14A9637200FD8073 /* pad_kline_selected.png */ = {isa = PBXFileReference; lastKnownFileType = image.png; path = pad_kline_selected.png; sourceTree = "<group>"; };
		5AD04FA214A9638300FD8073 /* Chart.h */ = {isa = PBXFileReference; fileEncoding = 4; lastKnownFileType = sourcecode.c.h; name = Chart.h; path = chartee/Chart.h; sourceTree = "<group>"; };
		5AD04FA314A9638300FD8073 /* Chart.m */ = {isa = PBXFileReference; fileEncoding = 4; lastKnownFileType = sourcecode.c.objc; name = Chart.m; path = chartee/Chart.m; sourceTree = "<group>"; };
		5AD04FA414A9638300FD8073 /* Section.h */ = {isa = PBXFileReference; fileEncoding = 4; lastKnownFileType = sourcecode.c.h; name = Section.h; path = chartee/Section.h; sourceTree = "<group>"; };
		5AD04FA514A9638300FD8073 /* Section.m */ = {isa = PBXFileReference; fileEncoding = 4; lastKnownFileType = sourcecode.c.objc; name = Section.m; path = chartee/Section.m; sourceTree = "<group>"; };
		5AD04FA614A9638300FD8073 /* YAxis.h */ = {isa = PBXFileReference; fileEncoding = 4; lastKnownFileType = sourcecode.c.h; name = YAxis.h; path = chartee/YAxis.h; sourceTree = "<group>"; };
		5AD04FA714A9638300FD8073 /* YAxis.m */ = {isa = PBXFileReference; fileEncoding = 4; lastKnownFileType = sourcecode.c.objc; name = YAxis.m; path = chartee/YAxis.m; sourceTree = "<group>"; };
		5AD04FAB14A9639000FD8073 /* JSON.h */ = {isa = PBXFileReference; fileEncoding = 4; lastKnownFileType = sourcecode.c.h; name = JSON.h; path = json/JSON.h; sourceTree = "<group>"; };
		5AD04FAC14A9639000FD8073 /* NSObject+SBJson.h */ = {isa = PBXFileReference; fileEncoding = 4; lastKnownFileType = sourcecode.c.h; name = "NSObject+SBJson.h"; path = "json/NSObject+SBJson.h"; sourceTree = "<group>"; };
		5AD04FAD14A9639000FD8073 /* NSObject+SBJson.m */ = {isa = PBXFileReference; fileEncoding = 4; lastKnownFileType = sourcecode.c.objc; name = "NSObject+SBJson.m"; path = "json/NSObject+SBJson.m"; sourceTree = "<group>"; };
		5AD04FAE14A9639000FD8073 /* SBJson.h */ = {isa = PBXFileReference; fileEncoding = 4; lastKnownFileType = sourcecode.c.h; name = SBJson.h; path = json/SBJson.h; sourceTree = "<group>"; };
		5AD04FAF14A9639000FD8073 /* SBJsonParser.h */ = {isa = PBXFileReference; fileEncoding = 4; lastKnownFileType = sourcecode.c.h; name = SBJsonParser.h; path = json/SBJsonParser.h; sourceTree = "<group>"; };
		5AD04FB014A9639000FD8073 /* SBJsonParser.m */ = {isa = PBXFileReference; fileEncoding = 4; lastKnownFileType = sourcecode.c.objc; name = SBJsonParser.m; path = json/SBJsonParser.m; sourceTree = "<group>"; };
		5AD04FB114A9639000FD8073 /* SBJsonStreamParser.h */ = {isa = PBXFileReference; fileEncoding = 4; lastKnownFileType = sourcecode.c.h; name = SBJsonStreamParser.h; path = json/SBJsonStreamParser.h; sourceTree = "<group>"; };
		5AD04FB214A9639000FD8073 /* SBJsonStreamParser.m */ = {isa = PBXFileReference; fileEncoding = 4; lastKnownFileType = sourcecode.c.objc; name = SBJsonStreamParser.m; path = json/SBJsonStreamParser.m; sourceTree = "<group>"; };
		5AD04FB314A9639000FD8073 /* SBJsonStreamParserAccumulator.h */ = {isa = PBXFileReference; fileEncoding = 4; lastKnownFileType = sourcecode.c.h; name = SBJsonStreamParserAccumulator.h; path = json/SBJsonStreamParserAccumulator.h; sourceTree = "<group>"; };
		5AD04FB414A9639000FD8073 /* SBJsonStreamParserAccumulator.m */ = {isa = PBXFileReference; fileEncoding = 4; lastKnownFileType = sourcecode.c.objc; name = SBJsonStreamParserAccumulator.m; path = json/SBJsonStreamParserAccumulator.m; sourceTree = "<group>"; };
		5AD04FB514A9639000FD8073 /* SBJsonStreamParserAdapter.h */ = {isa = PBXFileReference; fileEncoding = 4; lastKnownFileType = sourcecode.c.h; name = SBJsonStreamParserAdapter.h; path = json/SBJsonStreamParserAdapter.h; sourceTree = "<group>"; };
		5AD04FB614A9639000FD8073 /* SBJsonStreamParserAdapter.m */ = {isa = PBXFileReference; fileEncoding = 4; lastKnownFileType = sourcecode.c.objc; name = SBJsonStreamParserAdapter.m; path = json/SBJsonStreamParserAdapter.m; sourceTree = "<group>"; };
		5AD04FB714A9639000FD8073 /* SBJsonStreamParserState.h */ = {isa = PBXFileReference; fileEncoding = 4; lastKnownFileType = sourcecode.c.h; name = SBJsonStreamParserState.h; path = json/SBJsonStreamParserState.h; sourceTree = "<group>"; };
		5AD04FB814A9639000FD8073 /* SBJsonStreamParserState.m */ = {isa = PBXFileReference; fileEncoding = 4; lastKnownFileType = sourcecode.c.objc; name = SBJsonStreamParserState.m; path = json/SBJsonStreamParserState.m; sourceTree = "<group>"; };
		5AD04FB914A9639000FD8073 /* SBJsonStreamWriter.h */ = {isa = PBXFileReference; fileEncoding = 4; lastKnownFileType = sourcecode.c.h; name = SBJsonStreamWriter.h; path = json/SBJsonStreamWriter.h; sourceTree = "<group>"; };
		5AD04FBA14A9639000FD8073 /* SBJsonStreamWriter.m */ = {isa = PBXFileReference; fileEncoding = 4; lastKnownFileType = sourcecode.c.objc; name = SBJsonStreamWriter.m; path = json/SBJsonStreamWriter.m; sourceTree = "<group>"; };
		5AD04FBB14A9639000FD8073 /* SBJsonStreamWriterAccumulator.h */ = {isa = PBXFileReference; fileEncoding = 4; lastKnownFileType = sourcecode.c.h; name = SBJsonStreamWriterAccumulator.h; path = json/SBJsonStreamWriterAccumulator.h; sourceTree = "<group>"; };
		5AD04FBC14A9639000FD8073 /* SBJsonStreamWriterAccumulator.m */ = {isa = PBXFileReference; fileEncoding = 4; lastKnownFileType = sourcecode.c.objc; name = SBJsonStreamWriterAccumulator.m; path = json/SBJsonStreamWriterAccumulator.m; sourceTree = "<group>"; };
		5AD04FBD14A9639000FD8073 /* SBJsonStreamWriterState.h */ = {isa = PBXFileReference; fileEncoding = 4; lastKnownFileType = sourcecode.c.h; name = SBJsonStreamWriterState.h; path = json/SBJsonStreamWriterState.h; sourceTree = "<group>"; };
		5AD04FBE14A9639000FD8073 /* SBJsonStreamWriterState.m */ = {isa = PBXFileReference; fileEncoding = 4; lastKnownFileType = sourcecode.c.objc; name = SBJsonStreamWriterState.m; path = json/SBJsonStreamWriterState.m; sourceTree = "<group>"; };
		5AD04FBF14A9639000FD8073 /* SBJsonTokeniser.h */ = {isa = PBXFileReference; fileEncoding = 4; lastKnownFileType = sourcecode.c.h; name = SBJsonTokeniser.h; path = json/SBJsonTokeniser.h; sourceTree = "<group>"; };
		5AD04FC014A9639000FD8073 /* SBJsonTokeniser.m */ = {isa = PBXFileReference; fileEncoding = 4; lastKnownFileType = sourcecode.c.objc; name = SBJsonTokeniser.m; path = json/SBJsonTokeniser.m; sourceTree = "<group>"; };
		5AD04FC114A9639000FD8073 /* SBJsonUTF8Stream.h */ = {isa = PBXFileReference; fileEncoding = 4; lastKnownFileType = sourcecode.c.h; name = SBJsonUTF8Stream.h; path = json/SBJsonUTF8Stream.h; sourceTree = "<group>"; };
		5AD04FC214A9639000FD8073 /* SBJsonUTF8Stream.m */ = {isa = PBXFileReference; fileEncoding = 4; lastKnownFileType = sourcecode.c.objc; name = SBJsonUTF8Stream.m; path = json/SBJsonUTF8Stream.m; sourceTree = "<group>"; };
		5AD04FC314A9639000FD8073 /* SBJsonWriter.h */ = {isa = PBXFileReference; fileEncoding = 4; lastKnownFileType = sourcecode.c.h; name = SBJsonWriter.h; path = json/SBJsonWriter.h; sourceTree = "<group>"; };
		5AD04FC414A9639000FD8073 /* SBJsonWriter.m */ = {isa = PBXFileReference; fileEncoding = 4; lastKnownFileType = sourcecode.c.objc; name = SBJsonWriter.m; path = json/SBJsonWriter.m; sourceTree = "<group>"; };
		5AD04FD114A963D900FD8073 /* ResourceHelper.h */ = {isa = PBXFileReference; fileEncoding = 4; lastKnownFileType = sourcecode.c.h; name = ResourceHelper.h; path = helper/ResourceHelper.h; sourceTree = "<group>"; };
		5AD04FD214A963D900FD8073 /* ResourceHelper.m */ = {isa = PBXFileReference; fileEncoding = 4; lastKnownFileType = sourcecode.c.objc; name = ResourceHelper.m; path = helper/ResourceHelper.m; sourceTree = "<group>"; };
		5AD04FD414A963FC00FD8073 /* CandleChart.h */ = {isa = PBXFileReference; fileEncoding = 4; lastKnownFileType = sourcecode.c.h; path = CandleChart.h; sourceTree = "<group>"; };
		5AD04FD514A963FC00FD8073 /* CandleChart.m */ = {isa = PBXFileReference; fileEncoding = 4; lastKnownFileType = sourcecode.c.objc; path = CandleChart.m; sourceTree = "<group>"; };
		5AD04FD614A963FC00FD8073 /* CharteeViewController.h */ = {isa = PBXFileReference; fileEncoding = 4; lastKnownFileType = sourcecode.c.h; path = CharteeViewController.h; sourceTree = "<group>"; };
		5AD04FD714A963FC00FD8073 /* CharteeViewController.m */ = {isa = PBXFileReference; fileEncoding = 4; lastKnownFileType = sourcecode.c.objc; path = CharteeViewController.m; sourceTree = "<group>"; };
		5AD04FD814A963FC00FD8073 /* demo_data.json */ = {isa = PBXFileReference; fileEncoding = 4; lastKnownFileType = text.json; path = demo_data.json; sourceTree = "<group>"; };
		5AD04FD914A963FC00FD8073 /* indicators.json */ = {isa = PBXFileReference; fileEncoding = 4; lastKnownFileType = text.json; path = indicators.json; sourceTree = "<group>"; };
/* End PBXFileReference section */

/* Begin PBXFrameworksBuildPhase section */
		5AD04F6714A962C100FD8073 /* Frameworks */ = {
			isa = PBXFrameworksBuildPhase;
			buildActionMask = 2147483647;
			files = (
				5AD04F6F14A962C100FD8073 /* UIKit.framework in Frameworks */,
				5AD04F7114A962C100FD8073 /* Foundation.framework in Frameworks */,
				5AD04F7314A962C100FD8073 /* CoreGraphics.framework in Frameworks */,
			);
			runOnlyForDeploymentPostprocessing = 0;
		};
/* End PBXFrameworksBuildPhase section */

/* Begin PBXGroup section */
		5AD04F5F14A962C100FD8073 = {
			isa = PBXGroup;
			children = (
				5AD04F7414A962C100FD8073 /* chartee */,
				5AD04F6D14A962C100FD8073 /* Frameworks */,
				5AD04F6B14A962C100FD8073 /* Products */,
			);
			sourceTree = "<group>";
		};
		5AD04F6B14A962C100FD8073 /* Products */ = {
			isa = PBXGroup;
			children = (
				5AD04F6A14A962C100FD8073 /* chartee.app */,
			);
			name = Products;
			sourceTree = "<group>";
		};
		5AD04F6D14A962C100FD8073 /* Frameworks */ = {
			isa = PBXGroup;
			children = (
				5AD04F6E14A962C100FD8073 /* UIKit.framework */,
				5AD04F7014A962C100FD8073 /* Foundation.framework */,
				5AD04F7214A962C100FD8073 /* CoreGraphics.framework */,
			);
			name = Frameworks;
			sourceTree = "<group>";
		};
		5AD04F7414A962C100FD8073 /* chartee */ = {
			isa = PBXGroup;
			children = (
				5AD04F9214A9634400FD8073 /* chartee */,
				5AD04F9114A9633D00FD8073 /* json */,
				5AD04F8F14A9633100FD8073 /* helper */,
				5AD04F7D14A962C100FD8073 /* AppDelegate.h */,
				5AD04F7E14A962C100FD8073 /* AppDelegate.m */,
				5AD04FD414A963FC00FD8073 /* CandleChart.h */,
				5AD04FD514A963FC00FD8073 /* CandleChart.m */,
				5AD04FD614A963FC00FD8073 /* CharteeViewController.h */,
				5AD04FD714A963FC00FD8073 /* CharteeViewController.m */,
				5AD04F7514A962C100FD8073 /* Supporting Files */,
			);
			path = chartee;
			sourceTree = "<group>";
		};
		5AD04F7514A962C100FD8073 /* Supporting Files */ = {
			isa = PBXGroup;
			children = (
				5AD04F9414A9637200FD8073 /* Icon-72.png */,
				5AD04F9514A9637200FD8073 /* Icon.png */,
				5AD04F9614A9637200FD8073 /* Icon@2x.png */,
				5AD04F9714A9637200FD8073 /* iTunesArtwork.png */,
				5AD04F9814A9637200FD8073 /* pad_fenshi_selected.png */,
				5AD04F9914A9637200FD8073 /* pad_fenshi.png */,
				5AD04F9A14A9637200FD8073 /* pad_kline_selected.png */,
				5AD04FD814A963FC00FD8073 /* demo_data.json */,
				5AD04FD914A963FC00FD8073 /* indicators.json */,
				5AD04F7614A962C100FD8073 /* chartee-Info.plist */,
				5AD04F7714A962C100FD8073 /* InfoPlist.strings */,
				5AD04F7A14A962C100FD8073 /* main.m */,
				5AD04F7C14A962C100FD8073 /* chartee-Prefix.pch */,
			);
			name = "Supporting Files";
			sourceTree = "<group>";
		};
		5AD04F8F14A9633100FD8073 /* helper */ = {
			isa = PBXGroup;
			children = (
				5AD04FD114A963D900FD8073 /* ResourceHelper.h */,
				5AD04FD214A963D900FD8073 /* ResourceHelper.m */,
			);
			name = helper;
			sourceTree = "<group>";
		};
		5AD04F9114A9633D00FD8073 /* json */ = {
			isa = PBXGroup;
			children = (
				5AD04FAB14A9639000FD8073 /* JSON.h */,
				5AD04FAC14A9639000FD8073 /* NSObject+SBJson.h */,
				5AD04FAD14A9639000FD8073 /* NSObject+SBJson.m */,
				5AD04FAE14A9639000FD8073 /* SBJson.h */,
				5AD04FAF14A9639000FD8073 /* SBJsonParser.h */,
				5AD04FB014A9639000FD8073 /* SBJsonParser.m */,
				5AD04FB114A9639000FD8073 /* SBJsonStreamParser.h */,
				5AD04FB214A9639000FD8073 /* SBJsonStreamParser.m */,
				5AD04FB314A9639000FD8073 /* SBJsonStreamParserAccumulator.h */,
				5AD04FB414A9639000FD8073 /* SBJsonStreamParserAccumulator.m */,
				5AD04FB514A9639000FD8073 /* SBJsonStreamParserAdapter.h */,
				5AD04FB614A9639000FD8073 /* SBJsonStreamParserAdapter.m */,
				5AD04FB714A9639000FD8073 /* SBJsonStreamParserState.h */,
				5AD04FB814A9639000FD8073 /* SBJsonStreamParserState.m */,
				5AD04FB914A9639000FD8073 /* SBJsonStreamWriter.h */,
				5AD04FBA14A9639000FD8073 /* SBJsonStreamWriter.m */,
				5AD04FBB14A9639000FD8073 /* SBJsonStreamWriterAccumulator.h */,
				5AD04FBC14A9639000FD8073 /* SBJsonStreamWriterAccumulator.m */,
				5AD04FBD14A9639000FD8073 /* SBJsonStreamWriterState.h */,
				5AD04FBE14A9639000FD8073 /* SBJsonStreamWriterState.m */,
				5AD04FBF14A9639000FD8073 /* SBJsonTokeniser.h */,
				5AD04FC014A9639000FD8073 /* SBJsonTokeniser.m */,
				5AD04FC114A9639000FD8073 /* SBJsonUTF8Stream.h */,
				5AD04FC214A9639000FD8073 /* SBJsonUTF8Stream.m */,
				5AD04FC314A9639000FD8073 /* SBJsonWriter.h */,
				5AD04FC414A9639000FD8073 /* SBJsonWriter.m */,
			);
			name = json;
			sourceTree = "<group>";
		};
		5AD04F9214A9634400FD8073 /* chartee */ = {
			isa = PBXGroup;
			children = (
				5AD04FA214A9638300FD8073 /* Chart.h */,
				5AD04FA314A9638300FD8073 /* Chart.m */,
				5AD04FA414A9638300FD8073 /* Section.h */,
				5AD04FA514A9638300FD8073 /* Section.m */,
				5AD04FA614A9638300FD8073 /* YAxis.h */,
				5AD04FA714A9638300FD8073 /* YAxis.m */,
			);
			name = chartee;
			sourceTree = "<group>";
		};
/* End PBXGroup section */

/* Begin PBXNativeTarget section */
		5AD04F6914A962C100FD8073 /* chartee */ = {
			isa = PBXNativeTarget;
			buildConfigurationList = 5AD04F8214A962C100FD8073 /* Build configuration list for PBXNativeTarget "chartee" */;
			buildPhases = (
				5AD04F6614A962C100FD8073 /* Sources */,
				5AD04F6714A962C100FD8073 /* Frameworks */,
				5AD04F6814A962C100FD8073 /* Resources */,
			);
			buildRules = (
			);
			dependencies = (
			);
			name = chartee;
			productName = chartee;
			productReference = 5AD04F6A14A962C100FD8073 /* chartee.app */;
			productType = "com.apple.product-type.application";
		};
/* End PBXNativeTarget section */

/* Begin PBXProject section */
		5AD04F6114A962C100FD8073 /* Project object */ = {
			isa = PBXProject;
			attributes = {
				LastUpgradeCheck = 0420;
			};
			buildConfigurationList = 5AD04F6414A962C100FD8073 /* Build configuration list for PBXProject "chartee" */;
			compatibilityVersion = "Xcode 3.2";
			developmentRegion = English;
			hasScannedForEncodings = 0;
			knownRegions = (
				en,
			);
			mainGroup = 5AD04F5F14A962C100FD8073;
			productRefGroup = 5AD04F6B14A962C100FD8073 /* Products */;
			projectDirPath = "";
			projectRoot = "";
			targets = (
				5AD04F6914A962C100FD8073 /* chartee */,
			);
		};
/* End PBXProject section */

/* Begin PBXResourcesBuildPhase section */
		5AD04F6814A962C100FD8073 /* Resources */ = {
			isa = PBXResourcesBuildPhase;
			buildActionMask = 2147483647;
			files = (
				5AD04F7914A962C100FD8073 /* InfoPlist.strings in Resources */,
				5AD04F9B14A9637200FD8073 /* Icon-72.png in Resources */,
				5AD04F9C14A9637200FD8073 /* Icon.png in Resources */,
				5AD04F9D14A9637200FD8073 /* Icon@2x.png in Resources */,
				5AD04F9E14A9637200FD8073 /* iTunesArtwork.png in Resources */,
				5AD04F9F14A9637200FD8073 /* pad_fenshi_selected.png in Resources */,
				5AD04FA014A9637200FD8073 /* pad_fenshi.png in Resources */,
				5AD04FA114A9637200FD8073 /* pad_kline_selected.png in Resources */,
				5AD04FDC14A963FC00FD8073 /* demo_data.json in Resources */,
				5AD04FDD14A963FC00FD8073 /* indicators.json in Resources */,
			);
			runOnlyForDeploymentPostprocessing = 0;
		};
/* End PBXResourcesBuildPhase section */

/* Begin PBXSourcesBuildPhase section */
		5AD04F6614A962C100FD8073 /* Sources */ = {
			isa = PBXSourcesBuildPhase;
			buildActionMask = 2147483647;
			files = (
				5AD04F7B14A962C100FD8073 /* main.m in Sources */,
				5AD04F7F14A962C100FD8073 /* AppDelegate.m in Sources */,
				5AD04FA814A9638300FD8073 /* Chart.m in Sources */,
				5AD04FA914A9638300FD8073 /* Section.m in Sources */,
				5AD04FAA14A9638300FD8073 /* YAxis.m in Sources */,
				5AD04FC514A9639000FD8073 /* NSObject+SBJson.m in Sources */,
				5AD04FC614A9639000FD8073 /* SBJsonParser.m in Sources */,
				5AD04FC714A9639000FD8073 /* SBJsonStreamParser.m in Sources */,
				5AD04FC814A9639000FD8073 /* SBJsonStreamParserAccumulator.m in Sources */,
				5AD04FC914A9639000FD8073 /* SBJsonStreamParserAdapter.m in Sources */,
				5AD04FCA14A9639000FD8073 /* SBJsonStreamParserState.m in Sources */,
				5AD04FCB14A9639000FD8073 /* SBJsonStreamWriter.m in Sources */,
				5AD04FCC14A9639000FD8073 /* SBJsonStreamWriterAccumulator.m in Sources */,
				5AD04FCD14A9639000FD8073 /* SBJsonStreamWriterState.m in Sources */,
				5AD04FCE14A9639000FD8073 /* SBJsonTokeniser.m in Sources */,
				5AD04FCF14A9639000FD8073 /* SBJsonUTF8Stream.m in Sources */,
				5AD04FD014A9639000FD8073 /* SBJsonWriter.m in Sources */,
				5AD04FD314A963D900FD8073 /* ResourceHelper.m in Sources */,
				5AD04FDA14A963FC00FD8073 /* CandleChart.m in Sources */,
				5AD04FDB14A963FC00FD8073 /* CharteeViewController.m in Sources */,
			);
			runOnlyForDeploymentPostprocessing = 0;
		};
/* End PBXSourcesBuildPhase section */

/* Begin PBXVariantGroup section */
		5AD04F7714A962C100FD8073 /* InfoPlist.strings */ = {
			isa = PBXVariantGroup;
			children = (
				5AD04F7814A962C100FD8073 /* en */,
			);
			name = InfoPlist.strings;
			sourceTree = "<group>";
		};
/* End PBXVariantGroup section */

/* Begin XCBuildConfiguration section */
		5AD04F8014A962C100FD8073 /* Debug */ = {
			isa = XCBuildConfiguration;
			buildSettings = {
				ALWAYS_SEARCH_USER_PATHS = NO;
				ARCHS = "$(ARCHS_STANDARD_32_BIT)";
				"CODE_SIGN_IDENTITY[sdk=iphoneos*]" = "iPhone Developer";
				COPY_PHASE_STRIP = NO;
				GCC_C_LANGUAGE_STANDARD = gnu99;
				GCC_DYNAMIC_NO_PIC = NO;
				GCC_OPTIMIZATION_LEVEL = 0;
				GCC_PREPROCESSOR_DEFINITIONS = (
					"DEBUG=1",
					"$(inherited)",
				);
				GCC_SYMBOLS_PRIVATE_EXTERN = NO;
				GCC_VERSION = com.apple.compilers.llvm.clang.1_0;
				GCC_WARN_ABOUT_MISSING_PROTOTYPES = YES;
				GCC_WARN_ABOUT_RETURN_TYPE = YES;
				GCC_WARN_UNUSED_VARIABLE = YES;
				IPHONEOS_DEPLOYMENT_TARGET = 5.0;
				SDKROOT = iphoneos;
				TARGETED_DEVICE_FAMILY = 2;
			};
			name = Debug;
		};
		5AD04F8114A962C100FD8073 /* Release */ = {
			isa = XCBuildConfiguration;
			buildSettings = {
				ALWAYS_SEARCH_USER_PATHS = NO;
				ARCHS = "$(ARCHS_STANDARD_32_BIT)";
				"CODE_SIGN_IDENTITY[sdk=iphoneos*]" = "iPhone Developer";
				COPY_PHASE_STRIP = YES;
				GCC_C_LANGUAGE_STANDARD = gnu99;
				GCC_VERSION = com.apple.compilers.llvm.clang.1_0;
				GCC_WARN_ABOUT_MISSING_PROTOTYPES = YES;
				GCC_WARN_ABOUT_RETURN_TYPE = YES;
				GCC_WARN_UNUSED_VARIABLE = YES;
				IPHONEOS_DEPLOYMENT_TARGET = 5.0;
				OTHER_CFLAGS = "-DNS_BLOCK_ASSERTIONS=1";
				SDKROOT = iphoneos;
				TARGETED_DEVICE_FAMILY = 2;
				VALIDATE_PRODUCT = YES;
			};
			name = Release;
		};
		5AD04F8314A962C100FD8073 /* Debug */ = {
			isa = XCBuildConfiguration;
			buildSettings = {
				GCC_PRECOMPILE_PREFIX_HEADER = YES;
				GCC_PREFIX_HEADER = "chartee/chartee-Prefix.pch";
				INFOPLIST_FILE = "chartee/chartee-Info.plist";
				IPHONEOS_DEPLOYMENT_TARGET = 3.2;
				PRODUCT_NAME = "$(TARGET_NAME)";
				WRAPPER_EXTENSION = app;
			};
			name = Debug;
		};
		5AD04F8414A962C100FD8073 /* Release */ = {
			isa = XCBuildConfiguration;
			buildSettings = {
				GCC_PRECOMPILE_PREFIX_HEADER = YES;
				GCC_PREFIX_HEADER = "chartee/chartee-Prefix.pch";
				INFOPLIST_FILE = "chartee/chartee-Info.plist";
				IPHONEOS_DEPLOYMENT_TARGET = 3.2;
				PRODUCT_NAME = "$(TARGET_NAME)";
				WRAPPER_EXTENSION = app;
			};
			name = Release;
		};
/* End XCBuildConfiguration section */

/* Begin XCConfigurationList section */
		5AD04F6414A962C100FD8073 /* Build configuration list for PBXProject "chartee" */ = {
			isa = XCConfigurationList;
			buildConfigurations = (
				5AD04F8014A962C100FD8073 /* Debug */,
				5AD04F8114A962C100FD8073 /* Release */,
			);
			defaultConfigurationIsVisible = 0;
			defaultConfigurationName = Release;
		};
		5AD04F8214A962C100FD8073 /* Build configuration list for PBXNativeTarget "chartee" */ = {
			isa = XCConfigurationList;
			buildConfigurations = (
				5AD04F8314A962C100FD8073 /* Debug */,
				5AD04F8414A962C100FD8073 /* Release */,
			);
			defaultConfigurationIsVisible = 0;
			defaultConfigurationName = Release;
		};
/* End XCConfigurationList section */
	};
	rootObject = 5AD04F6114A962C100FD8073 /* Project object */;
}
